// !$*UTF8*$!
{
	archiveVersion = 1;
	classes = {
	};
	objectVersion = 56;
	objects = {

/* Begin PBXBuildFile section */
		DC20EE7D29EBAADF0063D832 /* MastadonNetworking.swift in Sources */ = {isa = PBXBuildFile; fileRef = DC20EE7C29EBAADF0063D832 /* MastadonNetworking.swift */; };
		DC20EE7E29EBAADF0063D832 /* MastadonNetworking.swift in Sources */ = {isa = PBXBuildFile; fileRef = DC20EE7C29EBAADF0063D832 /* MastadonNetworking.swift */; };
		DC7D828629EB448600F11252 /* StrayTootsApp.swift in Sources */ = {isa = PBXBuildFile; fileRef = DC7D828529EB448600F11252 /* StrayTootsApp.swift */; };
		DC7D828829EB448600F11252 /* ContentView.swift in Sources */ = {isa = PBXBuildFile; fileRef = DC7D828729EB448600F11252 /* ContentView.swift */; };
		DC7D828A29EB448800F11252 /* Assets.xcassets in Resources */ = {isa = PBXBuildFile; fileRef = DC7D828929EB448800F11252 /* Assets.xcassets */; };
		DC7D828D29EB448800F11252 /* Preview Assets.xcassets in Resources */ = {isa = PBXBuildFile; fileRef = DC7D828C29EB448800F11252 /* Preview Assets.xcassets */; };
		DC7D829329EB448800F11252 /* StrayToots Watch App.app in Embed Watch Content */ = {isa = PBXBuildFile; fileRef = DC7D829229EB448800F11252 /* StrayToots Watch App.app */; settings = {ATTRIBUTES = (RemoveHeadersOnCopy, ); }; };
		DC7D829829EB448800F11252 /* StrayTootsApp.swift in Sources */ = {isa = PBXBuildFile; fileRef = DC7D829729EB448800F11252 /* StrayTootsApp.swift */; };
		DC7D829A29EB448800F11252 /* ContentView.swift in Sources */ = {isa = PBXBuildFile; fileRef = DC7D829929EB448800F11252 /* ContentView.swift */; };
		DC7D829C29EB448900F11252 /* Assets.xcassets in Resources */ = {isa = PBXBuildFile; fileRef = DC7D829B29EB448900F11252 /* Assets.xcassets */; };
		DC7D829F29EB448900F11252 /* Preview Assets.xcassets in Resources */ = {isa = PBXBuildFile; fileRef = DC7D829E29EB448900F11252 /* Preview Assets.xcassets */; };
		DC7D82B029EB518600F11252 /* Tokens.plist in Resources */ = {isa = PBXBuildFile; fileRef = DC7D82AF29EB518600F11252 /* Tokens.plist */; };
		DC7D82B129EB518600F11252 /* Tokens.plist in Resources */ = {isa = PBXBuildFile; fileRef = DC7D82AF29EB518600F11252 /* Tokens.plist */; };
		DC7D82B329EB51A600F11252 /* TokensExample.plist in Resources */ = {isa = PBXBuildFile; fileRef = DC7D82B229EB51A600F11252 /* TokensExample.plist */; };
		DC7D82B429EB51A600F11252 /* TokensExample.plist in Resources */ = {isa = PBXBuildFile; fileRef = DC7D82B229EB51A600F11252 /* TokensExample.plist */; };
		DC7D82B629EB52AF00F11252 /* Config.swift in Sources */ = {isa = PBXBuildFile; fileRef = DC7D82B529EB52AF00F11252 /* Config.swift */; };
		DC7D82B729EB52AF00F11252 /* Config.swift in Sources */ = {isa = PBXBuildFile; fileRef = DC7D82B529EB52AF00F11252 /* Config.swift */; };
/* End PBXBuildFile section */

/* Begin PBXContainerItemProxy section */
		DC7D829429EB448800F11252 /* PBXContainerItemProxy */ = {
			isa = PBXContainerItemProxy;
			containerPortal = DC7D827A29EB448500F11252 /* Project object */;
			proxyType = 1;
			remoteGlobalIDString = DC7D829129EB448800F11252;
			remoteInfo = "StrayToots Watch App";
		};
/* End PBXContainerItemProxy section */

/* Begin PBXCopyFilesBuildPhase section */
		DC7D82A529EB448900F11252 /* Embed Watch Content */ = {
			isa = PBXCopyFilesBuildPhase;
			buildActionMask = 2147483647;
			dstPath = "$(CONTENTS_FOLDER_PATH)/Watch";
			dstSubfolderSpec = 16;
			files = (
				DC7D829329EB448800F11252 /* StrayToots Watch App.app in Embed Watch Content */,
			);
			name = "Embed Watch Content";
			runOnlyForDeploymentPostprocessing = 0;
		};
/* End PBXCopyFilesBuildPhase section */

/* Begin PBXFileReference section */
		DC20EE7C29EBAADF0063D832 /* MastadonNetworking.swift */ = {isa = PBXFileReference; lastKnownFileType = sourcecode.swift; path = MastadonNetworking.swift; sourceTree = "<group>"; };
		DC7D828229EB448600F11252 /* StrayToots.app */ = {isa = PBXFileReference; explicitFileType = wrapper.application; includeInIndex = 0; path = StrayToots.app; sourceTree = BUILT_PRODUCTS_DIR; };
		DC7D828529EB448600F11252 /* StrayTootsApp.swift */ = {isa = PBXFileReference; lastKnownFileType = sourcecode.swift; path = StrayTootsApp.swift; sourceTree = "<group>"; };
		DC7D828729EB448600F11252 /* ContentView.swift */ = {isa = PBXFileReference; lastKnownFileType = sourcecode.swift; path = ContentView.swift; sourceTree = "<group>"; };
		DC7D828929EB448800F11252 /* Assets.xcassets */ = {isa = PBXFileReference; lastKnownFileType = folder.assetcatalog; path = Assets.xcassets; sourceTree = "<group>"; };
		DC7D828C29EB448800F11252 /* Preview Assets.xcassets */ = {isa = PBXFileReference; lastKnownFileType = folder.assetcatalog; path = "Preview Assets.xcassets"; sourceTree = "<group>"; };
		DC7D829229EB448800F11252 /* StrayToots Watch App.app */ = {isa = PBXFileReference; explicitFileType = wrapper.application; includeInIndex = 0; path = "StrayToots Watch App.app"; sourceTree = BUILT_PRODUCTS_DIR; };
		DC7D829729EB448800F11252 /* StrayTootsApp.swift */ = {isa = PBXFileReference; lastKnownFileType = sourcecode.swift; path = StrayTootsApp.swift; sourceTree = "<group>"; };
		DC7D829929EB448800F11252 /* ContentView.swift */ = {isa = PBXFileReference; lastKnownFileType = sourcecode.swift; path = ContentView.swift; sourceTree = "<group>"; };
		DC7D829B29EB448900F11252 /* Assets.xcassets */ = {isa = PBXFileReference; lastKnownFileType = folder.assetcatalog; path = Assets.xcassets; sourceTree = "<group>"; };
		DC7D829E29EB448900F11252 /* Preview Assets.xcassets */ = {isa = PBXFileReference; lastKnownFileType = folder.assetcatalog; path = "Preview Assets.xcassets"; sourceTree = "<group>"; };
		DC7D82AF29EB518600F11252 /* Tokens.plist */ = {isa = PBXFileReference; lastKnownFileType = text.plist.xml; path = Tokens.plist; sourceTree = "<group>"; };
		DC7D82B229EB51A600F11252 /* TokensExample.plist */ = {isa = PBXFileReference; lastKnownFileType = text.plist.xml; path = TokensExample.plist; sourceTree = "<group>"; };
		DC7D82B529EB52AF00F11252 /* Config.swift */ = {isa = PBXFileReference; lastKnownFileType = sourcecode.swift; path = Config.swift; sourceTree = "<group>"; };
/* End PBXFileReference section */

/* Begin PBXFrameworksBuildPhase section */
		DC7D827F29EB448600F11252 /* Frameworks */ = {
			isa = PBXFrameworksBuildPhase;
			buildActionMask = 2147483647;
			files = (
			);
			runOnlyForDeploymentPostprocessing = 0;
		};
		DC7D828F29EB448800F11252 /* Frameworks */ = {
			isa = PBXFrameworksBuildPhase;
			buildActionMask = 2147483647;
			files = (
			);
			runOnlyForDeploymentPostprocessing = 0;
		};
/* End PBXFrameworksBuildPhase section */

/* Begin PBXGroup section */
		DC7D827929EB448500F11252 = {
			isa = PBXGroup;
			children = (
				DC20EE7C29EBAADF0063D832 /* MastadonNetworking.swift */,
				DC7D82B529EB52AF00F11252 /* Config.swift */,
				DC7D82AF29EB518600F11252 /* Tokens.plist */,
				DC7D82B229EB51A600F11252 /* TokensExample.plist */,
				DC7D828429EB448600F11252 /* StrayToots */,
				DC7D829629EB448800F11252 /* StrayToots Watch App */,
				DC7D828329EB448600F11252 /* Products */,
			);
			sourceTree = "<group>";
		};
		DC7D828329EB448600F11252 /* Products */ = {
			isa = PBXGroup;
			children = (
				DC7D828229EB448600F11252 /* StrayToots.app */,
				DC7D829229EB448800F11252 /* StrayToots Watch App.app */,
			);
			name = Products;
			sourceTree = "<group>";
		};
		DC7D828429EB448600F11252 /* StrayToots */ = {
			isa = PBXGroup;
			children = (
				DC7D828529EB448600F11252 /* StrayTootsApp.swift */,
				DC7D828729EB448600F11252 /* ContentView.swift */,
				DC7D828929EB448800F11252 /* Assets.xcassets */,
				DC7D828B29EB448800F11252 /* Preview Content */,
			);
			path = StrayToots;
			sourceTree = "<group>";
		};
		DC7D828B29EB448800F11252 /* Preview Content */ = {
			isa = PBXGroup;
			children = (
				DC7D828C29EB448800F11252 /* Preview Assets.xcassets */,
			);
			path = "Preview Content";
			sourceTree = "<group>";
		};
		DC7D829629EB448800F11252 /* StrayToots Watch App */ = {
			isa = PBXGroup;
			children = (
				DC7D829729EB448800F11252 /* StrayTootsApp.swift */,
				DC7D829929EB448800F11252 /* ContentView.swift */,
				DC7D829B29EB448900F11252 /* Assets.xcassets */,
				DC7D829D29EB448900F11252 /* Preview Content */,
			);
			path = "StrayToots Watch App";
			sourceTree = "<group>";
		};
		DC7D829D29EB448900F11252 /* Preview Content */ = {
			isa = PBXGroup;
			children = (
				DC7D829E29EB448900F11252 /* Preview Assets.xcassets */,
			);
			path = "Preview Content";
			sourceTree = "<group>";
		};
/* End PBXGroup section */

/* Begin PBXNativeTarget section */
		DC7D828129EB448600F11252 /* StrayToots */ = {
			isa = PBXNativeTarget;
			buildConfigurationList = DC7D82A629EB448900F11252 /* Build configuration list for PBXNativeTarget "StrayToots" */;
			buildPhases = (
				DC7D827E29EB448600F11252 /* Sources */,
				DC7D827F29EB448600F11252 /* Frameworks */,
				DC7D828029EB448600F11252 /* Resources */,
				DC7D82A529EB448900F11252 /* Embed Watch Content */,
			);
			buildRules = (
			);
			dependencies = (
				DC7D829529EB448800F11252 /* PBXTargetDependency */,
			);
			name = StrayToots;
			productName = StrayToots;
			productReference = DC7D828229EB448600F11252 /* StrayToots.app */;
			productType = "com.apple.product-type.application";
		};
		DC7D829129EB448800F11252 /* StrayToots Watch App */ = {
			isa = PBXNativeTarget;
			buildConfigurationList = DC7D82A229EB448900F11252 /* Build configuration list for PBXNativeTarget "StrayToots Watch App" */;
			buildPhases = (
				DC7D828E29EB448800F11252 /* Sources */,
				DC7D828F29EB448800F11252 /* Frameworks */,
				DC7D829029EB448800F11252 /* Resources */,
			);
			buildRules = (
			);
			dependencies = (
			);
			name = "StrayToots Watch App";
			productName = "StrayToots Watch App";
			productReference = DC7D829229EB448800F11252 /* StrayToots Watch App.app */;
			productType = "com.apple.product-type.application";
		};
/* End PBXNativeTarget section */

/* Begin PBXProject section */
		DC7D827A29EB448500F11252 /* Project object */ = {
			isa = PBXProject;
			attributes = {
				BuildIndependentTargetsInParallel = 1;
				LastSwiftUpdateCheck = 1420;
				LastUpgradeCheck = 1420;
				TargetAttributes = {
					DC7D828129EB448600F11252 = {
						CreatedOnToolsVersion = 14.2;
					};
					DC7D829129EB448800F11252 = {
						CreatedOnToolsVersion = 14.2;
					};
				};
			};
			buildConfigurationList = DC7D827D29EB448500F11252 /* Build configuration list for PBXProject "StrayToots" */;
			compatibilityVersion = "Xcode 14.0";
			developmentRegion = en;
			hasScannedForEncodings = 0;
			knownRegions = (
				en,
				Base,
			);
			mainGroup = DC7D827929EB448500F11252;
			productRefGroup = DC7D828329EB448600F11252 /* Products */;
			projectDirPath = "";
			projectRoot = "";
			targets = (
				DC7D828129EB448600F11252 /* StrayToots */,
				DC7D829129EB448800F11252 /* StrayToots Watch App */,
			);
		};
/* End PBXProject section */

/* Begin PBXResourcesBuildPhase section */
		DC7D828029EB448600F11252 /* Resources */ = {
			isa = PBXResourcesBuildPhase;
			buildActionMask = 2147483647;
			files = (
				DC7D828D29EB448800F11252 /* Preview Assets.xcassets in Resources */,
				DC7D82B329EB51A600F11252 /* TokensExample.plist in Resources */,
				DC7D82B029EB518600F11252 /* Tokens.plist in Resources */,
				DC7D828A29EB448800F11252 /* Assets.xcassets in Resources */,
			);
			runOnlyForDeploymentPostprocessing = 0;
		};
		DC7D829029EB448800F11252 /* Resources */ = {
			isa = PBXResourcesBuildPhase;
			buildActionMask = 2147483647;
			files = (
				DC7D829F29EB448900F11252 /* Preview Assets.xcassets in Resources */,
				DC7D82B429EB51A600F11252 /* TokensExample.plist in Resources */,
				DC7D82B129EB518600F11252 /* Tokens.plist in Resources */,
				DC7D829C29EB448900F11252 /* Assets.xcassets in Resources */,
			);
			runOnlyForDeploymentPostprocessing = 0;
		};
/* End PBXResourcesBuildPhase section */

/* Begin PBXSourcesBuildPhase section */
		DC7D827E29EB448600F11252 /* Sources */ = {
			isa = PBXSourcesBuildPhase;
			buildActionMask = 2147483647;
			files = (
				DC7D828829EB448600F11252 /* ContentView.swift in Sources */,
				DC7D828629EB448600F11252 /* StrayTootsApp.swift in Sources */,
				DC20EE7D29EBAADF0063D832 /* MastadonNetworking.swift in Sources */,
				DC7D82B629EB52AF00F11252 /* Config.swift in Sources */,
			);
			runOnlyForDeploymentPostprocessing = 0;
		};
		DC7D828E29EB448800F11252 /* Sources */ = {
			isa = PBXSourcesBuildPhase;
			buildActionMask = 2147483647;
			files = (
				DC7D829A29EB448800F11252 /* ContentView.swift in Sources */,
				DC7D829829EB448800F11252 /* StrayTootsApp.swift in Sources */,
				DC20EE7E29EBAADF0063D832 /* MastadonNetworking.swift in Sources */,
				DC7D82B729EB52AF00F11252 /* Config.swift in Sources */,
			);
			runOnlyForDeploymentPostprocessing = 0;
		};
/* End PBXSourcesBuildPhase section */

/* Begin PBXTargetDependency section */
		DC7D829529EB448800F11252 /* PBXTargetDependency */ = {
			isa = PBXTargetDependency;
			target = DC7D829129EB448800F11252 /* StrayToots Watch App */;
			targetProxy = DC7D829429EB448800F11252 /* PBXContainerItemProxy */;
		};
/* End PBXTargetDependency section */

/* Begin XCBuildConfiguration section */
		DC7D82A029EB448900F11252 /* Debug */ = {
			isa = XCBuildConfiguration;
			buildSettings = {
				ALWAYS_SEARCH_USER_PATHS = NO;
				CLANG_ANALYZER_NONNULL = YES;
				CLANG_ANALYZER_NUMBER_OBJECT_CONVERSION = YES_AGGRESSIVE;
				CLANG_CXX_LANGUAGE_STANDARD = "gnu++20";
				CLANG_ENABLE_MODULES = YES;
				CLANG_ENABLE_OBJC_ARC = YES;
				CLANG_ENABLE_OBJC_WEAK = YES;
				CLANG_WARN_BLOCK_CAPTURE_AUTORELEASING = YES;
				CLANG_WARN_BOOL_CONVERSION = YES;
				CLANG_WARN_COMMA = YES;
				CLANG_WARN_CONSTANT_CONVERSION = YES;
				CLANG_WARN_DEPRECATED_OBJC_IMPLEMENTATIONS = YES;
				CLANG_WARN_DIRECT_OBJC_ISA_USAGE = YES_ERROR;
				CLANG_WARN_DOCUMENTATION_COMMENTS = YES;
				CLANG_WARN_EMPTY_BODY = YES;
				CLANG_WARN_ENUM_CONVERSION = YES;
				CLANG_WARN_INFINITE_RECURSION = YES;
				CLANG_WARN_INT_CONVERSION = YES;
				CLANG_WARN_NON_LITERAL_NULL_CONVERSION = YES;
				CLANG_WARN_OBJC_IMPLICIT_RETAIN_SELF = YES;
				CLANG_WARN_OBJC_LITERAL_CONVERSION = YES;
				CLANG_WARN_OBJC_ROOT_CLASS = YES_ERROR;
				CLANG_WARN_QUOTED_INCLUDE_IN_FRAMEWORK_HEADER = YES;
				CLANG_WARN_RANGE_LOOP_ANALYSIS = YES;
				CLANG_WARN_STRICT_PROTOTYPES = YES;
				CLANG_WARN_SUSPICIOUS_MOVE = YES;
				CLANG_WARN_UNGUARDED_AVAILABILITY = YES_AGGRESSIVE;
				CLANG_WARN_UNREACHABLE_CODE = YES;
				CLANG_WARN__DUPLICATE_METHOD_MATCH = YES;
				COPY_PHASE_STRIP = NO;
				DEBUG_INFORMATION_FORMAT = dwarf;
				ENABLE_STRICT_OBJC_MSGSEND = YES;
				ENABLE_TESTABILITY = YES;
				GCC_C_LANGUAGE_STANDARD = gnu11;
				GCC_DYNAMIC_NO_PIC = NO;
				GCC_NO_COMMON_BLOCKS = YES;
				GCC_OPTIMIZATION_LEVEL = 0;
				GCC_PREPROCESSOR_DEFINITIONS = (
					"DEBUG=1",
					"$(inherited)",
				);
				GCC_WARN_64_TO_32_BIT_CONVERSION = YES;
				GCC_WARN_ABOUT_RETURN_TYPE = YES_ERROR;
				GCC_WARN_UNDECLARED_SELECTOR = YES;
				GCC_WARN_UNINITIALIZED_AUTOS = YES_AGGRESSIVE;
				GCC_WARN_UNUSED_FUNCTION = YES;
				GCC_WARN_UNUSED_VARIABLE = YES;
				MTL_ENABLE_DEBUG_INFO = INCLUDE_SOURCE;
				MTL_FAST_MATH = YES;
				ONLY_ACTIVE_ARCH = YES;
				SWIFT_ACTIVE_COMPILATION_CONDITIONS = DEBUG;
				SWIFT_OPTIMIZATION_LEVEL = "-Onone";
			};
			name = Debug;
		};
		DC7D82A129EB448900F11252 /* Release */ = {
			isa = XCBuildConfiguration;
			buildSettings = {
				ALWAYS_SEARCH_USER_PATHS = NO;
				CLANG_ANALYZER_NONNULL = YES;
				CLANG_ANALYZER_NUMBER_OBJECT_CONVERSION = YES_AGGRESSIVE;
				CLANG_CXX_LANGUAGE_STANDARD = "gnu++20";
				CLANG_ENABLE_MODULES = YES;
				CLANG_ENABLE_OBJC_ARC = YES;
				CLANG_ENABLE_OBJC_WEAK = YES;
				CLANG_WARN_BLOCK_CAPTURE_AUTORELEASING = YES;
				CLANG_WARN_BOOL_CONVERSION = YES;
				CLANG_WARN_COMMA = YES;
				CLANG_WARN_CONSTANT_CONVERSION = YES;
				CLANG_WARN_DEPRECATED_OBJC_IMPLEMENTATIONS = YES;
				CLANG_WARN_DIRECT_OBJC_ISA_USAGE = YES_ERROR;
				CLANG_WARN_DOCUMENTATION_COMMENTS = YES;
				CLANG_WARN_EMPTY_BODY = YES;
				CLANG_WARN_ENUM_CONVERSION = YES;
				CLANG_WARN_INFINITE_RECURSION = YES;
				CLANG_WARN_INT_CONVERSION = YES;
				CLANG_WARN_NON_LITERAL_NULL_CONVERSION = YES;
				CLANG_WARN_OBJC_IMPLICIT_RETAIN_SELF = YES;
				CLANG_WARN_OBJC_LITERAL_CONVERSION = YES;
				CLANG_WARN_OBJC_ROOT_CLASS = YES_ERROR;
				CLANG_WARN_QUOTED_INCLUDE_IN_FRAMEWORK_HEADER = YES;
				CLANG_WARN_RANGE_LOOP_ANALYSIS = YES;
				CLANG_WARN_STRICT_PROTOTYPES = YES;
				CLANG_WARN_SUSPICIOUS_MOVE = YES;
				CLANG_WARN_UNGUARDED_AVAILABILITY = YES_AGGRESSIVE;
				CLANG_WARN_UNREACHABLE_CODE = YES;
				CLANG_WARN__DUPLICATE_METHOD_MATCH = YES;
				COPY_PHASE_STRIP = NO;
				DEBUG_INFORMATION_FORMAT = "dwarf-with-dsym";
				ENABLE_NS_ASSERTIONS = NO;
				ENABLE_STRICT_OBJC_MSGSEND = YES;
				GCC_C_LANGUAGE_STANDARD = gnu11;
				GCC_NO_COMMON_BLOCKS = YES;
				GCC_WARN_64_TO_32_BIT_CONVERSION = YES;
				GCC_WARN_ABOUT_RETURN_TYPE = YES_ERROR;
				GCC_WARN_UNDECLARED_SELECTOR = YES;
				GCC_WARN_UNINITIALIZED_AUTOS = YES_AGGRESSIVE;
				GCC_WARN_UNUSED_FUNCTION = YES;
				GCC_WARN_UNUSED_VARIABLE = YES;
				MTL_ENABLE_DEBUG_INFO = NO;
				MTL_FAST_MATH = YES;
				SWIFT_COMPILATION_MODE = wholemodule;
				SWIFT_OPTIMIZATION_LEVEL = "-O";
			};
			name = Release;
		};
		DC7D82A329EB448900F11252 /* Debug */ = {
			isa = XCBuildConfiguration;
			buildSettings = {
				ASSETCATALOG_COMPILER_APPICON_NAME = AppIcon;
				ASSETCATALOG_COMPILER_GLOBAL_ACCENT_COLOR_NAME = AccentColor;
				CODE_SIGN_STYLE = Automatic;
				CURRENT_PROJECT_VERSION = 1;
				DEVELOPMENT_ASSET_PATHS = "\"StrayToots Watch App/Preview Content\"";
				DEVELOPMENT_TEAM = 97BFAG7885;
				ENABLE_PREVIEWS = YES;
				GENERATE_INFOPLIST_FILE = YES;
				INFOPLIST_KEY_CFBundleDisplayName = StrayToots;
				INFOPLIST_KEY_UISupportedInterfaceOrientations = "UIInterfaceOrientationPortrait UIInterfaceOrientationPortraitUpsideDown";
				INFOPLIST_KEY_WKCompanionAppBundleIdentifier = com.joelsereno.StrayToots;
				LD_RUNPATH_SEARCH_PATHS = (
					"$(inherited)",
					"@executable_path/Frameworks",
				);
				MARKETING_VERSION = 1.0;
				PRODUCT_BUNDLE_IDENTIFIER = com.joelsereno.StrayToots.watchkitapp;
				PRODUCT_NAME = "$(TARGET_NAME)";
				SDKROOT = watchos;
				SKIP_INSTALL = YES;
				SWIFT_EMIT_LOC_STRINGS = YES;
				SWIFT_VERSION = 5.0;
				TARGETED_DEVICE_FAMILY = 4;
				WATCHOS_DEPLOYMENT_TARGET = 9.1;
			};
			name = Debug;
		};
		DC7D82A429EB448900F11252 /* Release */ = {
			isa = XCBuildConfiguration;
			buildSettings = {
				ASSETCATALOG_COMPILER_APPICON_NAME = AppIcon;
				ASSETCATALOG_COMPILER_GLOBAL_ACCENT_COLOR_NAME = AccentColor;
				CODE_SIGN_STYLE = Automatic;
				CURRENT_PROJECT_VERSION = 1;
				DEVELOPMENT_ASSET_PATHS = "\"StrayToots Watch App/Preview Content\"";
				DEVELOPMENT_TEAM = 97BFAG7885;
				ENABLE_PREVIEWS = YES;
				GENERATE_INFOPLIST_FILE = YES;
				INFOPLIST_KEY_CFBundleDisplayName = StrayToots;
				INFOPLIST_KEY_UISupportedInterfaceOrientations = "UIInterfaceOrientationPortrait UIInterfaceOrientationPortraitUpsideDown";
				INFOPLIST_KEY_WKCompanionAppBundleIdentifier = com.joelsereno.StrayToots;
				LD_RUNPATH_SEARCH_PATHS = (
					"$(inherited)",
					"@executable_path/Frameworks",
				);
				MARKETING_VERSION = 1.0;
				PRODUCT_BUNDLE_IDENTIFIER = com.joelsereno.StrayToots.watchkitapp;
				PRODUCT_NAME = "$(TARGET_NAME)";
				SDKROOT = watchos;
				SKIP_INSTALL = YES;
				SWIFT_EMIT_LOC_STRINGS = YES;
				SWIFT_VERSION = 5.0;
				TARGETED_DEVICE_FAMILY = 4;
				VALIDATE_PRODUCT = YES;
				WATCHOS_DEPLOYMENT_TARGET = 9.1;
			};
			name = Release;
		};
		DC7D82A729EB448900F11252 /* Debug */ = {
			isa = XCBuildConfiguration;
			buildSettings = {
				ALWAYS_EMBED_SWIFT_STANDARD_LIBRARIES = YES;
				ASSETCATALOG_COMPILER_APPICON_NAME = AppIcon;
				ASSETCATALOG_COMPILER_GLOBAL_ACCENT_COLOR_NAME = AccentColor;
				CODE_SIGN_STYLE = Automatic;
				CURRENT_PROJECT_VERSION = 1;
				DEVELOPMENT_ASSET_PATHS = "\"StrayToots/Preview Content\"";
				DEVELOPMENT_TEAM = 97BFAG7885;
				ENABLE_PREVIEWS = YES;
				GENERATE_INFOPLIST_FILE = YES;
				INFOPLIST_KEY_CFBundleDisplayName = StrayToots;
				INFOPLIST_KEY_UIApplicationSceneManifest_Generation = YES;
				INFOPLIST_KEY_UIApplicationSupportsIndirectInputEvents = YES;
				INFOPLIST_KEY_UILaunchScreen_Generation = YES;
				INFOPLIST_KEY_UISupportedInterfaceOrientations_iPad = "UIInterfaceOrientationPortrait UIInterfaceOrientationPortraitUpsideDown UIInterfaceOrientationLandscapeLeft UIInterfaceOrientationLandscapeRight";
				INFOPLIST_KEY_UISupportedInterfaceOrientations_iPhone = "UIInterfaceOrientationPortrait UIInterfaceOrientationLandscapeLeft UIInterfaceOrientationLandscapeRight";
				IPHONEOS_DEPLOYMENT_TARGET = 16.2;
				LD_RUNPATH_SEARCH_PATHS = (
					"$(inherited)",
					"@executable_path/Frameworks",
				);
				MARKETING_VERSION = 1.0;
				PRODUCT_BUNDLE_IDENTIFIER = com.joelsereno.StrayToots;
				PRODUCT_NAME = "$(TARGET_NAME)";
				SDKROOT = iphoneos;
				SWIFT_EMIT_LOC_STRINGS = YES;
				SWIFT_VERSION = 5.0;
				TARGETED_DEVICE_FAMILY = "1,2";
			};
			name = Debug;
		};
		DC7D82A829EB448900F11252 /* Release */ = {
			isa = XCBuildConfiguration;
			buildSettings = {
				ALWAYS_EMBED_SWIFT_STANDARD_LIBRARIES = YES;
				ASSETCATALOG_COMPILER_APPICON_NAME = AppIcon;
				ASSETCATALOG_COMPILER_GLOBAL_ACCENT_COLOR_NAME = AccentColor;
				CODE_SIGN_STYLE = Automatic;
				CURRENT_PROJECT_VERSION = 1;
				DEVELOPMENT_ASSET_PATHS = "\"StrayToots/Preview Content\"";
				DEVELOPMENT_TEAM = 97BFAG7885;
				ENABLE_PREVIEWS = YES;
				GENERATE_INFOPLIST_FILE = YES;
				INFOPLIST_KEY_CFBundleDisplayName = StrayToots;
				INFOPLIST_KEY_UIApplicationSceneManifest_Generation = YES;
				INFOPLIST_KEY_UIApplicationSupportsIndirectInputEvents = YES;
				INFOPLIST_KEY_UILaunchScreen_Generation = YES;
				INFOPLIST_KEY_UISupportedInterfaceOrientations_iPad = "UIInterfaceOrientationPortrait UIInterfaceOrientationPortraitUpsideDown UIInterfaceOrientationLandscapeLeft UIInterfaceOrientationLandscapeRight";
				INFOPLIST_KEY_UISupportedInterfaceOrientations_iPhone = "UIInterfaceOrientationPortrait UIInterfaceOrientationLandscapeLeft UIInterfaceOrientationLandscapeRight";
				IPHONEOS_DEPLOYMENT_TARGET = 16.2;
				LD_RUNPATH_SEARCH_PATHS = (
					"$(inherited)",
					"@executable_path/Frameworks",
				);
				MARKETING_VERSION = 1.0;
				PRODUCT_BUNDLE_IDENTIFIER = com.joelsereno.StrayToots;
				PRODUCT_NAME = "$(TARGET_NAME)";
				SDKROOT = iphoneos;
				SWIFT_EMIT_LOC_STRINGS = YES;
				SWIFT_VERSION = 5.0;
				TARGETED_DEVICE_FAMILY = "1,2";
				VALIDATE_PRODUCT = YES;
			};
			name = Release;
		};
/* End XCBuildConfiguration section */

/* Begin XCConfigurationList section */
		DC7D827D29EB448500F11252 /* Build configuration list for PBXProject "StrayToots" */ = {
			isa = XCConfigurationList;
			buildConfigurations = (
				DC7D82A029EB448900F11252 /* Debug */,
				DC7D82A129EB448900F11252 /* Release */,
			);
			defaultConfigurationIsVisible = 0;
			defaultConfigurationName = Release;
		};
		DC7D82A229EB448900F11252 /* Build configuration list for PBXNativeTarget "StrayToots Watch App" */ = {
			isa = XCConfigurationList;
			buildConfigurations = (
				DC7D82A329EB448900F11252 /* Debug */,
				DC7D82A429EB448900F11252 /* Release */,
			);
			defaultConfigurationIsVisible = 0;
			defaultConfigurationName = Release;
		};
		DC7D82A629EB448900F11252 /* Build configuration list for PBXNativeTarget "StrayToots" */ = {
			isa = XCConfigurationList;
			buildConfigurations = (
				DC7D82A729EB448900F11252 /* Debug */,
				DC7D82A829EB448900F11252 /* Release */,
			);
			defaultConfigurationIsVisible = 0;
			defaultConfigurationName = Release;
		};
/* End XCConfigurationList section */
	};
	rootObject = DC7D827A29EB448500F11252 /* Project object */;
}
